
Microsoft Visual Studio Solution File, Format Version 12.00
# Visual Studio Version 17
VisualStudioVersion = 17.1.32407.343
MinimumVisualStudioVersion = 10.0.40219.1
Project("{9A19103F-16F7-4668-BE54-9A1E7A4F7556}") = "Taxually.TechnicalTest.UI", "Taxually.TechnicalTest\Taxually.TechnicalTest.UI.csproj", "{A119A885-BCD4-473B-861A-480AA3C87EB6}"
EndProject
Project("{9A19103F-16F7-4668-BE54-9A1E7A4F7556}") = "Taxually.TechnicalTest.Infrastructure", "Taxually.TechnicalTest.Infrastructure\Taxually.TechnicalTest.Infrastructure.csproj", "{FF46E835-C860-403E-B91E-7C6C535460E0}"
EndProject
Project("{9A19103F-16F7-4668-BE54-9A1E7A4F7556}") = "Taxually.TechnicalTest.Domain", "Taxually.technicalTest.Domain\Taxually.TechnicalTest.Domain.csproj", "{A8982389-E0A2-4C5F-92C3-6240E6059C96}"
EndProject
Project("{2150E333-8FDC-42A3-9474-1A3956D46DE8}") = "Tests", "Tests", "{79B67177-12A9-44BF-8C81-1201B200B7D3}"
EndProject
Project("{2150E333-8FDC-42A3-9474-1A3956D46DE8}") = "src", "src", "{F861BF38-8E00-47E8-B292-632EC1A47F27}"
EndProject
Project("{FAE04EC0-301F-11D3-BF4B-00C04F79EFBC}") = "Taxually.TechnicalTest.UnitTests", "Taxually.TechnicalTest.UnitTests\Taxually.TechnicalTest.UnitTests.csproj", "{D6011471-86C4-4D3A-81DA-89F0911B9098}"
EndProject
Global
	GlobalSection(SolutionConfigurationPlatforms) = preSolution
		Debug|Any CPU = Debug|Any CPU
		Release|Any CPU = Release|Any CPU
	EndGlobalSection
	GlobalSection(ProjectConfigurationPlatforms) = postSolution
		{A119A885-BCD4-473B-861A-480AA3C87EB6}.Debug|Any CPU.ActiveCfg = Debug|Any CPU
		{A119A885-BCD4-473B-861A-480AA3C87EB6}.Debug|Any CPU.Build.0 = Debug|Any CPU
		{A119A885-BCD4-473B-861A-480AA3C87EB6}.Release|Any CPU.ActiveCfg = Release|Any CPU
		{A119A885-BCD4-473B-861A-480AA3C87EB6}.Release|Any CPU.Build.0 = Release|Any CPU
		{FF46E835-C860-403E-B91E-7C6C535460E0}.Debug|Any CPU.ActiveCfg = Debug|Any CPU
		{FF46E835-C860-403E-B91E-7C6C535460E0}.Debug|Any CPU.Build.0 = Debug|Any CPU
		{FF46E835-C860-403E-B91E-7C6C535460E0}.Release|Any CPU.ActiveCfg = Release|Any CPU
		{FF46E835-C860-403E-B91E-7C6C535460E0}.Release|Any CPU.Build.0 = Release|Any CPU
		{A8982389-E0A2-4C5F-92C3-6240E6059C96}.Debug|Any CPU.ActiveCfg = Debug|Any CPU
		{A8982389-E0A2-4C5F-92C3-6240E6059C96}.Debug|Any CPU.Build.0 = Debug|Any CPU
		{A8982389-E0A2-4C5F-92C3-6240E6059C96}.Release|Any CPU.ActiveCfg = Release|Any CPU
		{A8982389-E0A2-4C5F-92C3-6240E6059C96}.Release|Any CPU.Build.0 = Release|Any CPU
		{D6011471-86C4-4D3A-81DA-89F0911B9098}.Debug|Any CPU.ActiveCfg = Debug|Any CPU
		{D6011471-86C4-4D3A-81DA-89F0911B9098}.Debug|Any CPU.Build.0 = Debug|Any CPU
		{D6011471-86C4-4D3A-81DA-89F0911B9098}.Release|Any CPU.ActiveCfg = Release|Any CPU
		{D6011471-86C4-4D3A-81DA-89F0911B9098}.Release|Any CPU.Build.0 = Release|Any CPU
	EndGlobalSection
	GlobalSection(SolutionProperties) = preSolution
		HideSolutionNode = FALSE
	EndGlobalSection
	GlobalSection(NestedProjects) = preSolution
		{D6011471-86C4-4D3A-81DA-89F0911B9098} = {79B67177-12A9-44BF-8C81-1201B200B7D3}
	EndGlobalSection
	GlobalSection(ExtensibilityGlobals) = postSolution
		SolutionGuid = {4911BEBF-5EE3-4872-9EE7-772C7BEBF303}
	EndGlobalSection
EndGlobal
